
Microsoft Visual Studio Solution File, Format Version 12.00
# Visual Studio Version 17
VisualStudioVersion = 17.0.32112.339
MinimumVisualStudioVersion = 10.0.40219.1
Project("{FAE04EC0-301F-11D3-BF4B-00C04F79EFBC}") = "Chap 9 Exercise 6", "Chap 9 Exercise 6.csproj", "{A8A5ABEB-C0D6-4798-A7BE-7DA101CFBC44}"
EndProject
Global
	GlobalSection(SolutionConfigurationPlatforms) = preSolution
		Debug|Any CPU = Debug|Any CPU
		Release|Any CPU = Release|Any CPU
	EndGlobalSection
	GlobalSection(ProjectConfigurationPlatforms) = postSolution
		{A8A5ABEB-C0D6-4798-A7BE-7DA101CFBC44}.Debug|Any CPU.ActiveCfg = Debug|Any CPU
		{A8A5ABEB-C0D6-4798-A7BE-7DA101CFBC44}.Debug|Any CPU.Build.0 = Debug|Any CPU
		{A8A5ABEB-C0D6-4798-A7BE-7DA101CFBC44}.Release|Any CPU.ActiveCfg = Release|Any CPU
		{A8A5ABEB-C0D6-4798-A7BE-7DA101CFBC44}.Release|Any CPU.Build.0 = Release|Any CPU
	EndGlobalSection
	GlobalSection(SolutionProperties) = preSolution
		HideSolutionNode = FALSE
	EndGlobalSection
	GlobalSection(ExtensibilityGlobals) = postSolution
		SolutionGuid = {7CC02760-6FCA-4AFA-A28E-1FC1100D54A1}
	EndGlobalSection
EndGlobal
